
Microsoft Visual Studio Solution File, Format Version 12.00
# Visual Studio 15
VisualStudioVersion = 15.0.28307.329
MinimumVisualStudioVersion = 10.0.40219.1
Project("{2150E333-8FDC-42A3-9474-1A3956D46DE8}") = "1.UI", "1.UI", "{69099FC6-01FF-4A0C-A6BA-2AACF2575188}"
EndProject
Project("{2150E333-8FDC-42A3-9474-1A3956D46DE8}") = "2.Application", "2.Application", "{4F1D82E1-93BC-4BB3-A81D-ACFB756E9295}"
EndProject
Project("{2150E333-8FDC-42A3-9474-1A3956D46DE8}") = "3.Repository", "3.Repository", "{3F70C4CF-399C-4920-9380-3D3E48544E5C}"
EndProject
Project("{2150E333-8FDC-42A3-9474-1A3956D46DE8}") = "4.Entity", "4.Entity", "{0F60DB5C-9785-4F60-9694-FF3763ACC4C0}"
EndProject
Project("{2150E333-8FDC-42A3-9474-1A3956D46DE8}") = "5.Infrastructure", "5.Infrastructure", "{0E668B5D-2B98-469D-82AE-CDA4A5F64E6A}"
EndProject
Project("{2150E333-8FDC-42A3-9474-1A3956D46DE8}") = "6.Test", "6.Test", "{0AC04677-C234-4870-8199-2472EC2DF131}"
EndProject
Project("{FAE04EC0-301F-11D3-BF4B-00C04F79EFBC}") = "Czar.Cms.Admin", "Czar.Cms.Admin\Czar.Cms.Admin.csproj", "{0BFBC20A-BF51-4005-ACFD-B9A665C77A05}"
EndProject
Project("{FAE04EC0-301F-11D3-BF4B-00C04F79EFBC}") = "Czar.Cms.Site", "Czar.Cms.Site\Czar.Cms.Site.csproj", "{ECC19E56-A6B7-4489-BF7E-DE0E68F920D6}"
EndProject
Project("{FAE04EC0-301F-11D3-BF4B-00C04F79EFBC}") = "Czar.Cms.IServices", "Czar.Cms.IServices\Czar.Cms.IServices.csproj", "{650D7488-EF87-4878-BC96-1A8AA3AD736C}"
EndProject
Project("{FAE04EC0-301F-11D3-BF4B-00C04F79EFBC}") = "Czar.Cms.Services", "Czar.Cms.Services\Czar.Cms.Services.csproj", "{AD2A830C-3F51-4C18-93E6-A96C5E024D89}"
EndProject
Project("{FAE04EC0-301F-11D3-BF4B-00C04F79EFBC}") = "Czar.Cms.IRepository", "Czar.Cms.IRepository\Czar.Cms.IRepository.csproj", "{8C3C12EE-5F9B-4F2F-AD8B-09D4480725C6}"
EndProject
Project("{FAE04EC0-301F-11D3-BF4B-00C04F79EFBC}") = "Czar.Cms.Repository.SqlServer", "Czar.Cms.Repository.SqlServer\Czar.Cms.Repository.SqlServer.csproj", "{B625ACDB-8876-4AA0-9C04-0ED4630D5898}"
EndProject
Project("{FAE04EC0-301F-11D3-BF4B-00C04F79EFBC}") = "Czar.Cms.Models", "Czar.Cms.Models\Czar.Cms.Models.csproj", "{F5E4DB1C-0635-4EAE-91F2-80C5ADAB253B}"
EndProject
Project("{FAE04EC0-301F-11D3-BF4B-00C04F79EFBC}") = "Czar.Cms.ViewModels", "Czar.Cms.ViewModels\Czar.Cms.ViewModels.csproj", "{0B04FD7F-7253-44E7-8E62-845A33F78D61}"
EndProject
Project("{FAE04EC0-301F-11D3-BF4B-00C04F79EFBC}") = "Czar.Cms.Core", "Czar.Cms.Core\Czar.Cms.Core.csproj", "{0D273475-8FC2-4CBA-8E2D-87791D76B13D}"
EndProject
Project("{FAE04EC0-301F-11D3-BF4B-00C04F79EFBC}") = "Czar.Cms.Test", "Czar.Cms.Test\Czar.Cms.Test.csproj", "{D3708CDE-C6C3-4A98-84AD-65576F8C4E20}"
EndProject
Global
	GlobalSection(SolutionConfigurationPlatforms) = preSolution
		Debug|Any CPU = Debug|Any CPU
		Release|Any CPU = Release|Any CPU
	EndGlobalSection
	GlobalSection(ProjectConfigurationPlatforms) = postSolution
		{0BFBC20A-BF51-4005-ACFD-B9A665C77A05}.Debug|Any CPU.ActiveCfg = Debug|Any CPU
		{0BFBC20A-BF51-4005-ACFD-B9A665C77A05}.Debug|Any CPU.Build.0 = Debug|Any CPU
		{0BFBC20A-BF51-4005-ACFD-B9A665C77A05}.Release|Any CPU.ActiveCfg = Release|Any CPU
		{0BFBC20A-BF51-4005-ACFD-B9A665C77A05}.Release|Any CPU.Build.0 = Release|Any CPU
		{ECC19E56-A6B7-4489-BF7E-DE0E68F920D6}.Debug|Any CPU.ActiveCfg = Debug|Any CPU
		{ECC19E56-A6B7-4489-BF7E-DE0E68F920D6}.Debug|Any CPU.Build.0 = Debug|Any CPU
		{ECC19E56-A6B7-4489-BF7E-DE0E68F920D6}.Release|Any CPU.ActiveCfg = Release|Any CPU
		{ECC19E56-A6B7-4489-BF7E-DE0E68F920D6}.Release|Any CPU.Build.0 = Release|Any CPU
		{650D7488-EF87-4878-BC96-1A8AA3AD736C}.Debug|Any CPU.ActiveCfg = Debug|Any CPU
		{650D7488-EF87-4878-BC96-1A8AA3AD736C}.Debug|Any CPU.Build.0 = Debug|Any CPU
		{650D7488-EF87-4878-BC96-1A8AA3AD736C}.Release|Any CPU.ActiveCfg = Release|Any CPU
		{650D7488-EF87-4878-BC96-1A8AA3AD736C}.Release|Any CPU.Build.0 = Release|Any CPU
		{AD2A830C-3F51-4C18-93E6-A96C5E024D89}.Debug|Any CPU.ActiveCfg = Debug|Any CPU
		{AD2A830C-3F51-4C18-93E6-A96C5E024D89}.Debug|Any CPU.Build.0 = Debug|Any CPU
		{AD2A830C-3F51-4C18-93E6-A96C5E024D89}.Release|Any CPU.ActiveCfg = Release|Any CPU
		{AD2A830C-3F51-4C18-93E6-A96C5E024D89}.Release|Any CPU.Build.0 = Release|Any CPU
		{8C3C12EE-5F9B-4F2F-AD8B-09D4480725C6}.Debug|Any CPU.ActiveCfg = Debug|Any CPU
		{8C3C12EE-5F9B-4F2F-AD8B-09D4480725C6}.Debug|Any CPU.Build.0 = Debug|Any CPU
		{8C3C12EE-5F9B-4F2F-AD8B-09D4480725C6}.Release|Any CPU.ActiveCfg = Release|Any CPU
		{8C3C12EE-5F9B-4F2F-AD8B-09D4480725C6}.Release|Any CPU.Build.0 = Release|Any CPU
		{B625ACDB-8876-4AA0-9C04-0ED4630D5898}.Debug|Any CPU.ActiveCfg = Debug|Any CPU
		{B625ACDB-8876-4AA0-9C04-0ED4630D5898}.Debug|Any CPU.Build.0 = Debug|Any CPU
		{B625ACDB-8876-4AA0-9C04-0ED4630D5898}.Release|Any CPU.ActiveCfg = Release|Any CPU
		{B625ACDB-8876-4AA0-9C04-0ED4630D5898}.Release|Any CPU.Build.0 = Release|Any CPU
		{F5E4DB1C-0635-4EAE-91F2-80C5ADAB253B}.Debug|Any CPU.ActiveCfg = Debug|Any CPU
		{F5E4DB1C-0635-4EAE-91F2-80C5ADAB253B}.Debug|Any CPU.Build.0 = Debug|Any CPU
		{F5E4DB1C-0635-4EAE-91F2-80C5ADAB253B}.Release|Any CPU.ActiveCfg = Release|Any CPU
		{F5E4DB1C-0635-4EAE-91F2-80C5ADAB253B}.Release|Any CPU.Build.0 = Release|Any CPU
		{0B04FD7F-7253-44E7-8E62-845A33F78D61}.Debug|Any CPU.ActiveCfg = Debug|Any CPU
		{0B04FD7F-7253-44E7-8E62-845A33F78D61}.Debug|Any CPU.Build.0 = Debug|Any CPU
		{0B04FD7F-7253-44E7-8E62-845A33F78D61}.Release|Any CPU.ActiveCfg = Release|Any CPU
		{0B04FD7F-7253-44E7-8E62-845A33F78D61}.Release|Any CPU.Build.0 = Release|Any CPU
		{0D273475-8FC2-4CBA-8E2D-87791D76B13D}.Debug|Any CPU.ActiveCfg = Debug|Any CPU
		{0D273475-8FC2-4CBA-8E2D-87791D76B13D}.Debug|Any CPU.Build.0 = Debug|Any CPU
		{0D273475-8FC2-4CBA-8E2D-87791D76B13D}.Release|Any CPU.ActiveCfg = Release|Any CPU
		{0D273475-8FC2-4CBA-8E2D-87791D76B13D}.Release|Any CPU.Build.0 = Release|Any CPU
		{D3708CDE-C6C3-4A98-84AD-65576F8C4E20}.Debug|Any CPU.ActiveCfg = Debug|Any CPU
		{D3708CDE-C6C3-4A98-84AD-65576F8C4E20}.Debug|Any CPU.Build.0 = Debug|Any CPU
		{D3708CDE-C6C3-4A98-84AD-65576F8C4E20}.Release|Any CPU.ActiveCfg = Release|Any CPU
		{D3708CDE-C6C3-4A98-84AD-65576F8C4E20}.Release|Any CPU.Build.0 = Release|Any CPU
	EndGlobalSection
	GlobalSection(SolutionProperties) = preSolution
		HideSolutionNode = FALSE
	EndGlobalSection
	GlobalSection(NestedProjects) = preSolution
		{0BFBC20A-BF51-4005-ACFD-B9A665C77A05} = {69099FC6-01FF-4A0C-A6BA-2AACF2575188}
		{ECC19E56-A6B7-4489-BF7E-DE0E68F920D6} = {69099FC6-01FF-4A0C-A6BA-2AACF2575188}
		{650D7488-EF87-4878-BC96-1A8AA3AD736C} = {4F1D82E1-93BC-4BB3-A81D-ACFB756E9295}
		{AD2A830C-3F51-4C18-93E6-A96C5E024D89} = {4F1D82E1-93BC-4BB3-A81D-ACFB756E9295}
		{8C3C12EE-5F9B-4F2F-AD8B-09D4480725C6} = {3F70C4CF-399C-4920-9380-3D3E48544E5C}
		{B625ACDB-8876-4AA0-9C04-0ED4630D5898} = {3F70C4CF-399C-4920-9380-3D3E48544E5C}
		{F5E4DB1C-0635-4EAE-91F2-80C5ADAB253B} = {0F60DB5C-9785-4F60-9694-FF3763ACC4C0}
		{0B04FD7F-7253-44E7-8E62-845A33F78D61} = {0F60DB5C-9785-4F60-9694-FF3763ACC4C0}
		{0D273475-8FC2-4CBA-8E2D-87791D76B13D} = {0E668B5D-2B98-469D-82AE-CDA4A5F64E6A}
		{D3708CDE-C6C3-4A98-84AD-65576F8C4E20} = {0AC04677-C234-4870-8199-2472EC2DF131}
	EndGlobalSection
	GlobalSection(ExtensibilityGlobals) = postSolution
		SolutionGuid = {51C19F2B-4348-4C7F-9807-0E1F2E6738D3}
	EndGlobalSection
EndGlobal
